dependencies:
- name: postgresql
  repository: oci://registry-1.docker.io/bitnamicharts
  version: 13.4.4
- name: redis
  repository: oci://registry-1.docker.io/bitnamicharts
  version: 18.13.0
digest: sha256:a59c4043703c7a4f5bacf7d29027f7c62836f408b338c8ab0825293a2fc62568
generated: "2024-02-15T15:38:52.691249319Z"
